github.com/ZoneCNH/clickhousex v1.0.1 h1:W1oAsUD+GrVNd0DSLl5QsDxxVI+3UT1nl0Eq32Sxzho=
github.com/ZoneCNH/clickhousex v1.0.1/go.mod h1:luAd6/wc8XF3M90jMtUYZ/V/43oU9/tlfvq0U/oqHpc=
github.com/ZoneCNH/configx v1.0.0 h1:U3QKjT9sgFvxTNR0422AlzUiPqYBXt2XEhuCAxGxMCg=
github.com/ZoneCNH/configx v1.0.0/go.mod h1:O9Bbjq+YabVQm9JPhQJikn2vb5QoMeYAMiRVGUBsXmk=
github.com/ZoneCNH/foundationx v0.1.1 h1:o4s7dGmFQa5ecoWEfk9UjhMRopYDz6pEnbIDtuYr9mY=
github.com/ZoneCNH/foundationx v0.1.1/go.mod h1:RpTHom/eqSyHHDRjnomhZMKG8yQddzEqYkB+17p8XeI=
github.com/ZoneCNH/kafkax v1.0.2 h1:thcYVf0HAQa6+LSOPiIuOs7Kee3gj2Oo758wsASyk8I=
github.com/ZoneCNH/kafkax v1.0.2/go.mod h1:wKAClXYRx796Y9ONfecdM4kp2p/Oo9pukWK/n17mAA4=
github.com/ZoneCNH/kernel v1.0.0 h1:HwH66/xtRQYWKcKsPJnUTf/tSwiCUfJdun/MQwJJcjU=
github.com/ZoneCNH/kernel v1.0.0/go.mod h1:DUYYcDHTNqALIBVIgtuGUr1LUhaGXIdK8AYKLj+7yHc=
github.com/ZoneCNH/natsx v1.0.0 h1:ADNvck7jK5D60NuXjmk485JTTgZSub6rSUAPDQYzB6o=
github.com/ZoneCNH/natsx v1.0.0/go.mod h1:608SnlwTIEPCAUsDluYG5658/dfEX/KByZJqk2Zjd+I=
github.com/ZoneCNH/observex v0.3.1 h1:diZeRSWiWL5pVhwvS7ra+RKYTHnuqeuzRjK3gzcw8ls=
github.com/ZoneCNH/observex v0.3.1/go.mod h1:SsXfeTejFxrGmaY6Xy9ERHQvdQ7zEV+de98tGGfJsYk=
github.com/ZoneCNH/postgresx v1.0.0 h1:OOByINs+Hihze/KjmyUtE0jDyjnoXbN2auD1Ga/8Io8=
github.com/ZoneCNH/postgresx v1.0.0/go.mod h1:HSmH3CePqe9mUvvkLaHHLMbdX6KGtJnNUCMfmwWC7lM=
github.com/ZoneCNH/redisx v1.0.1 h1:GFOxhL5GBxHh5I+PanRjEdnRVpcmhkYoO3AM6DHgL9o=
github.com/ZoneCNH/redisx v1.0.1/go.mod h1:pcJSSSy0xBS8bYigNWSWbArfPuD9UPqrs9St8wYspWY=
github.com/ZoneCNH/resiliencx v0.4.9 h1:oB1OGIezPDUNpXQwMsbPAwC6HilwGbwYAENKOsiqYQY=
github.com/ZoneCNH/resiliencx v0.4.9/go.mod h1:BqbmqnWjkPOQJ92wgwKjg1x7TqdobwHA9k5OkddMm7g=
github.com/ZoneCNH/taosx v1.0.1 h1:KSf3cTwxZxVsYveVfpO+cOOwmjjtKEEK2SSokdxjYLA=
github.com/ZoneCNH/taosx v1.0.1/go.mod h1:3q4BtLDTYpGGx1bnCb9u4mBYxU0TSeNWt42bgWPCYIQ=
github.com/antithesishq/antithesis-sdk-go v0.7.0-default-no-op h1:Z/MZK75wC/NSrkgqeNIa7jexam9uWzhLmFTSCPI/kn0=
github.com/antithesishq/antithesis-sdk-go v0.7.0-default-no-op/go.mod h1:FQyySiasQQM8735Ddel3MRojmy4dA1IqCeyJ5jmPMbI=
github.com/bsm/ginkgo/v2 v2.12.0 h1:Ny8MWAHyOepLGlLKYmXG4IEkioBysk6GpaRTLC8zwWs=
github.com/bsm/ginkgo/v2 v2.12.0/go.mod h1:SwYbGRRDovPVboqFv0tPTcG1sN61LM1Z4ARdbAV9g4c=
github.com/bsm/gomega v1.27.10 h1:yeMWxP2pV2fG3FgAODIY8EiRE3dy0aeFYt4l7wh6yKA=
github.com/bsm/gomega v1.27.10/go.mod h1:JyEr/xRbxbtgWNi8tIEVPUYZ5Dzef52k01W3YH0H+O0=
github.com/cespare/xxhash/v2 v2.2.0 h1:DC2CZ1Ep5Y4k3ZQ899DldepgrayRUGE6BBZ/cd9Cj44=
github.com/cespare/xxhash/v2 v2.2.0/go.mod h1:VGX0DQ3Q6kWi7AoAeZDth3/j3BFtOZR5XLFGgcrjCOs=
github.com/creack/pty v1.1.9/go.mod h1:oKZEueFk5CKHvIhNR5MUki03XCEU+Q6VDXinZuGJ33E=
github.com/davecgh/go-spew v1.1.0/go.mod h1:J7Y8YcW2NihsgmVo/mv3lAwl/skON4iLHjSsI+c5H38=
github.com/davecgh/go-spew v1.1.2-0.20180830191138-d8f796af33cc h1:U9qPSI2PIWSS1VwoXQT9A3Wy9MM3WgvqSxFWenqJduM=
github.com/davecgh/go-spew v1.1.2-0.20180830191138-d8f796af33cc/go.mod h1:J7Y8YcW2NihsgmVo/mv3lAwl/skON4iLHjSsI+c5H38=
github.com/dgryski/go-rendezvous v0.0.0-20200823014737-9f7001d12a5f h1:lO4WD4F/rVNCu3HqELle0jiPLLBs70cWOduZpkS1E78=
github.com/dgryski/go-rendezvous v0.0.0-20200823014737-9f7001d12a5f/go.mod h1:cuUVRXasLTGF7a8hSLbxyZXjz+1KgoB3wDUb6vlszIc=
github.com/google/go-tpm v0.9.8 h1:slArAR9Ft+1ybZu0lBwpSmpwhRXaa85hWtMinMyRAWo=
github.com/google/go-tpm v0.9.8/go.mod h1:h9jEsEECg7gtLis0upRBQU+GhYVH6jMjrFxI8u6bVUY=
github.com/google/uuid v1.6.0 h1:NIvaJDMOsjHA8n1jAhLSgzrAzy1Hgr+hNrb57e+94F0=
github.com/google/uuid v1.6.0/go.mod h1:TIyPZe4MgqvfeYDBFedMoGGpEw/LqOeaOT+nhxU+yHo=
github.com/gorilla/websocket v1.5.0 h1:PPwGk2jz7EePpoHN/+ClbZu8SPxiqlu12wZP/3sWmnc=
github.com/gorilla/websocket v1.5.0/go.mod h1:YR8l580nyteQvAITg2hZ9XVh4b55+EU/adAjf1fMHhE=
github.com/jackc/pgpassfile v1.0.0 h1:/6Hmqy13Ss2zCq62VdNG8tM1wchn8zjSGOBJ6icpsIM=
github.com/jackc/pgpassfile v1.0.0/go.mod h1:CEx0iS5ambNFdcRtxPj5JhEz+xB6uRky5eyVu/W2HEg=
github.com/jackc/pgservicefile v0.0.0-20240606120523-5a60cdf6a761 h1:iCEnooe7UlwOQYpKFhBabPMi4aNAfoODPEFNiAnClxo=
github.com/jackc/pgservicefile v0.0.0-20240606120523-5a60cdf6a761/go.mod h1:5TJZWKEWniPve33vlWYSoGYefn3gLQRzjfDlhSJ9ZKM=
github.com/jackc/pgx/v5 v5.9.2 h1:3ZhOzMWnR4yJ+RW1XImIPsD1aNSz4T4fyP7zlQb56hw=
github.com/jackc/pgx/v5 v5.9.2/go.mod h1:mal1tBGAFfLHvZzaYh77YS/eC6IX9OWbRV1QIIM0Jn4=
github.com/jackc/puddle/v2 v2.2.2 h1:PR8nw+E/1w0GLuRFSmiioY6UooMp6KJv0/61nB7icHo=
github.com/jackc/puddle/v2 v2.2.2/go.mod h1:vriiEXHvEE654aYKXXjOvZM39qJ0q+azkZFrfEOc3H4=
github.com/json-iterator/go v1.1.12 h1:PV8peI4a0ysnczrg+LtxykD8LfKY9ML6u2jnxaEnrnM=
github.com/json-iterator/go v1.1.12/go.mod h1:e30LSqwooZae/UwlEbR2852Gd8hjQvJoHmT4TnhNGBo=
github.com/klauspost/compress v1.18.6 h1:2jupLlAwFm95+YDR+NwD2MEfFO9d4z4Prjl1XXDjuao=
github.com/klauspost/compress v1.18.6/go.mod h1:cwPg85FWrGar70rWktvGQj8/hthj3wpl0PGDogxkrSQ=
github.com/kr/pretty v0.3.0 h1:WgNl7dwNpEZ6jJ9k1snq4pZsg7DOEN8hP9Xw0Tsjwk0=
github.com/kr/pretty v0.3.0/go.mod h1:640gp4NfQd8pI5XOwp5fnNeVWj67G7CFk/SaSQn7NBk=
github.com/kr/text v0.2.0 h1:5Nx0Ya0ZqY2ygV366QzturHI13Jq95ApcVaJBhpS+AY=
github.com/kr/text v0.2.0/go.mod h1:eLer722TekiGuMkidMxC/pM04lWEeraHUUmBw8l2grE=
github.com/minio/highwayhash v1.0.4 h1:asJizugGgchQod2ja9NJlGOWq4s7KsAWr5XUc9Clgl4=
github.com/minio/highwayhash v1.0.4/go.mod h1:GGYsuwP/fPD6Y9hMiXuapVvlIUEhFhMTh0rxU3ik1LQ=
github.com/modern-go/concurrent v0.0.0-20180228061459-e0a39a4cb421 h1:ZqeYNhU3OHLH3mGKHDcjJRFFRrJa6eAM5H+CtDdOsPc=
github.com/modern-go/concurrent v0.0.0-20180228061459-e0a39a4cb421/go.mod h1:6dJC0mAP4ikYIbvyc7fijjWJddQyLn8Ig3JB5CqoB9Q=
github.com/modern-go/reflect2 v1.0.2 h1:xBagoLtFs94CBntxluKeaWgTMpvLxC4ur3nMaC9Gz0M=
github.com/modern-go/reflect2 v1.0.2/go.mod h1:yWuevngMOJpCy52FWWMvUC8ws7m/LJsjYzDa0/r8luk=
github.com/nats-io/jwt/v2 v2.8.2 h1:XXRgB60MSTnqsRwejQurVDs/hcv2dkt+86GjI+I/bMc=
github.com/nats-io/jwt/v2 v2.8.2/go.mod h1:Ag/56sq9OblL4JgdYufDd16Egb17Kr/8WwwuO/forVc=
github.com/nats-io/nats-server/v2 v2.14.2 h1:Q7dRhCY03Y00rETFW3KV+KGaCIajlDfWgWUVgbMxyuk=
github.com/nats-io/nats-server/v2 v2.14.2/go.mod h1:lWpb1bSpRELZfRdlMkdz8E7lbXKKyNe8RIn0vvepIHs=
github.com/nats-io/nats.go v1.52.0 h1:n3avV4VBsCgsdwh71TppsTwtv+QdPs7ntSKM8qJLGsc=
github.com/nats-io/nats.go v1.52.0/go.mod h1:26HypzazeOkyO3/mqd1zZd53STJN0EjCYF9Uy2ZOBno=
github.com/nats-io/nkeys v0.4.16 h1:rd5oAuLOb8mnAycB0xleuEBNS1pVVnN0fv/FF34Eypg=
github.com/nats-io/nkeys v0.4.16/go.mod h1:llLgWoI0o4z/Q57q2R1kHfmocyhGV6VG/U18Glg1Afs=
github.com/nats-io/nuid v1.0.1 h1:5iA8DT8V7q8WK2EScv2padNa/rTESc1KdnPw4TC2paw=
github.com/nats-io/nuid v1.0.1/go.mod h1:19wcPz3Ph3q0Jbyiqsd0kePYG7A95tJPxeL+1OSON2c=
github.com/pelletier/go-toml/v2 v2.3.1 h1:MYEvvGnQjeNkRF1qUuGolNtNExTDwct51yp7olPtrEc=
github.com/pelletier/go-toml/v2 v2.3.1/go.mod h1:2gIqNv+qfxSVS7cM2xJQKtLSTLUE9V8t9Stt+h56mCY=
github.com/pmezard/go-difflib v1.0.0/go.mod h1:iKH77koFhYxTK1pcRnkKkqfTogsbg7gZNVY4sRDYZ/4=
github.com/pmezard/go-difflib v1.0.1-0.20181226105442-5d4384ee4fb2 h1:Jamvg5psRIccs7FGNTlIRMkT8wgtp5eCXdBlqhYGL6U=
github.com/pmezard/go-difflib v1.0.1-0.20181226105442-5d4384ee4fb2/go.mod h1:iKH77koFhYxTK1pcRnkKkqfTogsbg7gZNVY4sRDYZ/4=
github.com/redis/go-redis/v9 v9.7.0 h1:HhLSs+B6O021gwzl+locl0zEDnyNkxMtf/Z3NNBMa9E=
github.com/redis/go-redis/v9 v9.7.0/go.mod h1:f6zhXITC7JUJIlPEiBOTXxJgPLdZcA93GewI7inzyWw=
github.com/rogpeppe/go-internal v1.15.0 h1:D0RCU5rMAp+SpgkiNdrjfJ+LX4J1M32V2NeCY7EJ6hc=
github.com/rogpeppe/go-internal v1.15.0/go.mod h1:DrUVZyrJU+txYW5/1kwtXQSMFio52ZOxX7yM1VHvnxs=
github.com/stretchr/objx v0.1.0/go.mod h1:HFkY916IF+rwdDfMAkV7OtwuqBVzrE8GR6GFx+wExME=
github.com/stretchr/testify v1.3.0/go.mod h1:M5WIy9Dh21IEIfnGCwXGc5bZfKNJtfHm1UVUgZn+9EI=
github.com/stretchr/testify v1.7.0/go.mod h1:6Fq8oRcR53rry900zMqJjRRixrwX3KX962/h/Wwjteg=
github.com/stretchr/testify v1.11.1 h1:7s2iGBzp5EwR7/aIZr8ao5+dra3wiQyKjjFuvgVKu7U=
github.com/stretchr/testify v1.11.1/go.mod h1:wZwfW3scLgRK+23gO65QZefKpKQRnfz6sD981Nm4B6U=
github.com/taosdata/driver-go/v3 v3.8.0 h1:qY1xFidspISuuZc0TAbeJWMtAdKJOSYQOXfepkUK6fI=
github.com/taosdata/driver-go/v3 v3.8.0/go.mod h1:S6OGOinfR0xxxaMGsvBi9cLkYxEIW1p6qqr8QJATTlg=
golang.org/x/crypto v0.52.0 h1:RMs7fP2rXdep0CftQlK8Uf+kibLm7qkCcradZWYz988=
golang.org/x/crypto v0.52.0/go.mod h1:1QgfPxDqh0T2M/elOJtp9RvuR95kVjir0e6/BvEmGbc=
golang.org/x/sync v0.20.0 h1:e0PTpb7pjO8GAtTs2dQ6jYa5BWYlMuX047Dco/pItO4=
golang.org/x/sync v0.20.0/go.mod h1:9xrNwdLfx4jkKbNva9FpL6vEN7evnE43NNNJQ2LF3+0=
golang.org/x/sys v0.45.0 h1:dO4czNzziLiiXplLQgBCEpCvXQ3dnkn0SdaZSYdQ+FY=
golang.org/x/sys v0.45.0/go.mod h1:4GL1E5IUh+htKOUEOaiffhrAeqysfVGipDYzABqnCmw=
golang.org/x/text v0.37.0 h1:Cqjiwd9eSg8e0QAkyCaQTNHFIIzWtidPahFWR83rTrc=
golang.org/x/text v0.37.0/go.mod h1:a5sjxXGs9hsn/AJVwuElvCAo9v8QYLzvavO5z2PiM38=
golang.org/x/time v0.15.0 h1:bbrp8t3bGUeFOx08pvsMYRTCVSMk89u4tKbNOZbp88U=
golang.org/x/time v0.15.0/go.mod h1:Y4YMaQmXwGQZoFaVFk4YpCt4FLQMYKZe9oeV/f4MSno=
gopkg.in/check.v1 v0.0.0-20161208181325-20d25e280405/go.mod h1:Co6ibVJAznAaIkqp8huTwlJQCZ016jof/cbN4VW5Yz0=
gopkg.in/check.v1 v1.0.0-20201130134442-10cb98267c6c h1:Hei/4ADfdWqJk1ZMxUNpqntNwaWcugrBjAiHlqqRiVk=
gopkg.in/check.v1 v1.0.0-20201130134442-10cb98267c6c/go.mod h1:JHkPIbrfpd72SG/EVd6muEfDQjcINNoR0C8j2r3qZ4Q=
gopkg.in/yaml.v3 v3.0.0-20200313102051-9f266ea9e77c/go.mod h1:K4uyk7z7BCEPqu6E+C64Yfv1cQ7kz7rIZviUmN+EgEM=
gopkg.in/yaml.v3 v3.0.1 h1:fxVm/GzAzEWqLHuvctI91KS9hhNmmWOoWu0XTYJS7CA=
gopkg.in/yaml.v3 v3.0.1/go.mod h1:K4uyk7z7BCEPqu6E+C64Yfv1cQ7kz7rIZviUmN+EgEM=
